// !$*UTF8*$!
{
	archiveVersion = 1;
	classes = {
	};
	objectVersion = 56;
	objects = {

/* Begin PBXBuildFile section */
		E1D6788C29CEE104006C892A /* AppDelegate.swift in Sources */ = {isa = PBXBuildFile; fileRef = E1D6788B29CEE104006C892A /* AppDelegate.swift */; };
		E1D6788E29CEE104006C892A /* SceneDelegate.swift in Sources */ = {isa = PBXBuildFile; fileRef = E1D6788D29CEE104006C892A /* SceneDelegate.swift */; };
		E1D6789029CEE104006C892A /* MainTabViewController.swift in Sources */ = {isa = PBXBuildFile; fileRef = E1D6788F29CEE104006C892A /* MainTabViewController.swift */; };
		E1D6789629CEE104006C892A /* SocialNetworkPlatform.xcdatamodeld in Sources */ = {isa = PBXBuildFile; fileRef = E1D6789429CEE104006C892A /* SocialNetworkPlatform.xcdatamodeld */; };
		E1D6789829CEE105006C892A /* Assets.xcassets in Resources */ = {isa = PBXBuildFile; fileRef = E1D6789729CEE105006C892A /* Assets.xcassets */; };
		E1D6789B29CEE105006C892A /* LaunchScreen.storyboard in Resources */ = {isa = PBXBuildFile; fileRef = E1D6789929CEE105006C892A /* LaunchScreen.storyboard */; };
		E1D678A629CEE106006C892A /* SocialNetworkPlatformTests.swift in Sources */ = {isa = PBXBuildFile; fileRef = E1D678A529CEE106006C892A /* SocialNetworkPlatformTests.swift */; };
		E1D678C229CEE45D006C892A /* MainTabPageViewController.swift in Sources */ = {isa = PBXBuildFile; fileRef = E1D678C129CEE45D006C892A /* MainTabPageViewController.swift */; };
		E1D678C529CEE74E006C892A /* Array+Extension.swift in Sources */ = {isa = PBXBuildFile; fileRef = E1D678C429CEE74E006C892A /* Array+Extension.swift */; };
		E1D678C729CEE9D8006C892A /* UIView+Extension.swift in Sources */ = {isa = PBXBuildFile; fileRef = E1D678C629CEE9D8006C892A /* UIView+Extension.swift */; };
		E1D678C929CEEAA3006C892A /* MainTabHeaderView.swift in Sources */ = {isa = PBXBuildFile; fileRef = E1D678C829CEEAA3006C892A /* MainTabHeaderView.swift */; };
		E1D678D229CF055A006C892A /* PostListViewController.swift in Sources */ = {isa = PBXBuildFile; fileRef = E1D678D129CF055A006C892A /* PostListViewController.swift */; };
		E1D678D629CF1245006C892A /* PostTableViewCell.swift in Sources */ = {isa = PBXBuildFile; fileRef = E1D678D429CF1245006C892A /* PostTableViewCell.swift */; };
		E1D678D729CF1245006C892A /* PostTableViewCell.xib in Resources */ = {isa = PBXBuildFile; fileRef = E1D678D529CF1245006C892A /* PostTableViewCell.xib */; };
		E1D678D929CF14E0006C892A /* UIColor+Extension.swift in Sources */ = {isa = PBXBuildFile; fileRef = E1D678D829CF14E0006C892A /* UIColor+Extension.swift */; };
		E1D678DD29CF2127006C892A /* LocalUser.swift in Sources */ = {isa = PBXBuildFile; fileRef = E1D678DC29CF2127006C892A /* LocalUser.swift */; };
		E1D678DF29CF2194006C892A /* PostModel.swift in Sources */ = {isa = PBXBuildFile; fileRef = E1D678DE29CF2194006C892A /* PostModel.swift */; };
		E1D678E129CF28B3006C892A /* UserManager.swift in Sources */ = {isa = PBXBuildFile; fileRef = E1D678E029CF28B3006C892A /* UserManager.swift */; };
		E1D678E529CF2C67006C892A /* UserListViewController.swift in Sources */ = {isa = PBXBuildFile; fileRef = E1D678E429CF2C67006C892A /* UserListViewController.swift */; };
		E1D678E929CF2E1E006C892A /* UserTableViewCell.swift in Sources */ = {isa = PBXBuildFile; fileRef = E1D678E729CF2E1E006C892A /* UserTableViewCell.swift */; };
		E1D678EA29CF2E1E006C892A /* UserTableViewCell.xib in Resources */ = {isa = PBXBuildFile; fileRef = E1D678E829CF2E1E006C892A /* UserTableViewCell.xib */; };
		E1D678EF29CF39E0006C892A /* CreatePostViewController.swift in Sources */ = {isa = PBXBuildFile; fileRef = E1D678ED29CF39E0006C892A /* CreatePostViewController.swift */; };
		E1D678F029CF39E0006C892A /* CreatePostViewController.xib in Resources */ = {isa = PBXBuildFile; fileRef = E1D678EE29CF39E0006C892A /* CreatePostViewController.xib */; };
		E1D678F229CF3B83006C892A /* UIApplication+Extension.swift in Sources */ = {isa = PBXBuildFile; fileRef = E1D678F129CF3B83006C892A /* UIApplication+Extension.swift */; };
		E1D678F429CF52E3006C892A /* CoreDataManager.swift in Sources */ = {isa = PBXBuildFile; fileRef = E1D678F329CF52E3006C892A /* CoreDataManager.swift */; };
		E1D678F629CF5B8C006C892A /* CoreDataError.swift in Sources */ = {isa = PBXBuildFile; fileRef = E1D678F529CF5B8C006C892A /* CoreDataError.swift */; };
		E1D678F829CF5E46006C892A /* Encodable+Extension.swift in Sources */ = {isa = PBXBuildFile; fileRef = E1D678F729CF5E46006C892A /* Encodable+Extension.swift */; };
		E1D678FA29CF6631006C892A /* PostPresenter.swift in Sources */ = {isa = PBXBuildFile; fileRef = E1D678F929CF6631006C892A /* PostPresenter.swift */; };
		E1D678FC29CF680A006C892A /* PostRouter.swift in Sources */ = {isa = PBXBuildFile; fileRef = E1D678FB29CF680A006C892A /* PostRouter.swift */; };
		E1D678FF29CF69A6006C892A /* PostProtocol.swift in Sources */ = {isa = PBXBuildFile; fileRef = E1D678FE29CF69A6006C892A /* PostProtocol.swift */; };
		E1D6790129CF69FB006C892A /* PostInteractor.swift in Sources */ = {isa = PBXBuildFile; fileRef = E1D6790029CF69FB006C892A /* PostInteractor.swift */; };
		E1D6790329CF6CB7006C892A /* CoreDataHelper.swift in Sources */ = {isa = PBXBuildFile; fileRef = E1D6790229CF6CB7006C892A /* CoreDataHelper.swift */; };
		E1D6790729CF72ED006C892A /* CreatePostProtocol.swift in Sources */ = {isa = PBXBuildFile; fileRef = E1D6790629CF72ED006C892A /* CreatePostProtocol.swift */; };
		E1D6790A29CF742A006C892A /* CreatePostInteractor.swift in Sources */ = {isa = PBXBuildFile; fileRef = E1D6790929CF742A006C892A /* CreatePostInteractor.swift */; };
		E1D6790D29CF7762006C892A /* CreatePostPresenter.swift in Sources */ = {isa = PBXBuildFile; fileRef = E1D6790C29CF7762006C892A /* CreatePostPresenter.swift */; };
		E1D6791029CF78B0006C892A /* CreatePostRouter.swift in Sources */ = {isa = PBXBuildFile; fileRef = E1D6790F29CF78B0006C892A /* CreatePostRouter.swift */; };
		E1D6791329CF82B0006C892A /* NewPostNotificationHelper.swift in Sources */ = {isa = PBXBuildFile; fileRef = E1D6791229CF82B0006C892A /* NewPostNotificationHelper.swift */; };
/* End PBXBuildFile section */

/* Begin PBXContainerItemProxy section */
		E1D678A229CEE106006C892A /* PBXContainerItemProxy */ = {
			isa = PBXContainerItemProxy;
			containerPortal = E1D6788029CEE104006C892A /* Project object */;
			proxyType = 1;
			remoteGlobalIDString = E1D6788729CEE104006C892A;
			remoteInfo = SocialNetworkPlatform;
		};
/* End PBXContainerItemProxy section */

/* Begin PBXFileReference section */
		E1D6788829CEE104006C892A /* SocialNetworkPlatform.app */ = {isa = PBXFileReference; explicitFileType = wrapper.application; includeInIndex = 0; path = SocialNetworkPlatform.app; sourceTree = BUILT_PRODUCTS_DIR; };
		E1D6788B29CEE104006C892A /* AppDelegate.swift */ = {isa = PBXFileReference; lastKnownFileType = sourcecode.swift; path = AppDelegate.swift; sourceTree = "<group>"; };
		E1D6788D29CEE104006C892A /* SceneDelegate.swift */ = {isa = PBXFileReference; lastKnownFileType = sourcecode.swift; path = SceneDelegate.swift; sourceTree = "<group>"; };
		E1D6788F29CEE104006C892A /* MainTabViewController.swift */ = {isa = PBXFileReference; lastKnownFileType = sourcecode.swift; path = MainTabViewController.swift; sourceTree = "<group>"; };
		E1D6789529CEE104006C892A /* SocialNetworkPlatform.xcdatamodel */ = {isa = PBXFileReference; lastKnownFileType = wrapper.xcdatamodel; path = SocialNetworkPlatform.xcdatamodel; sourceTree = "<group>"; };
		E1D6789729CEE105006C892A /* Assets.xcassets */ = {isa = PBXFileReference; lastKnownFileType = folder.assetcatalog; path = Assets.xcassets; sourceTree = "<group>"; };
		E1D6789A29CEE105006C892A /* Base */ = {isa = PBXFileReference; lastKnownFileType = file.storyboard; name = Base; path = Base.lproj/LaunchScreen.storyboard; sourceTree = "<group>"; };
		E1D6789C29CEE105006C892A /* Info.plist */ = {isa = PBXFileReference; lastKnownFileType = text.plist.xml; path = Info.plist; sourceTree = "<group>"; };
		E1D678A129CEE106006C892A /* SocialNetworkPlatformTests.xctest */ = {isa = PBXFileReference; explicitFileType = wrapper.cfbundle; includeInIndex = 0; path = SocialNetworkPlatformTests.xctest; sourceTree = BUILT_PRODUCTS_DIR; };
		E1D678A529CEE106006C892A /* SocialNetworkPlatformTests.swift */ = {isa = PBXFileReference; lastKnownFileType = sourcecode.swift; path = SocialNetworkPlatformTests.swift; sourceTree = "<group>"; };
		E1D678C129CEE45D006C892A /* MainTabPageViewController.swift */ = {isa = PBXFileReference; lastKnownFileType = sourcecode.swift; path = MainTabPageViewController.swift; sourceTree = "<group>"; };
		E1D678C429CEE74E006C892A /* Array+Extension.swift */ = {isa = PBXFileReference; lastKnownFileType = sourcecode.swift; path = "Array+Extension.swift"; sourceTree = "<group>"; };
		E1D678C629CEE9D8006C892A /* UIView+Extension.swift */ = {isa = PBXFileReference; lastKnownFileType = sourcecode.swift; path = "UIView+Extension.swift"; sourceTree = "<group>"; };
		E1D678C829CEEAA3006C892A /* MainTabHeaderView.swift */ = {isa = PBXFileReference; lastKnownFileType = sourcecode.swift; path = MainTabHeaderView.swift; sourceTree = "<group>"; };
		E1D678D129CF055A006C892A /* PostListViewController.swift */ = {isa = PBXFileReference; lastKnownFileType = sourcecode.swift; path = PostListViewController.swift; sourceTree = "<group>"; };
		E1D678D429CF1245006C892A /* PostTableViewCell.swift */ = {isa = PBXFileReference; lastKnownFileType = sourcecode.swift; path = PostTableViewCell.swift; sourceTree = "<group>"; };
		E1D678D529CF1245006C892A /* PostTableViewCell.xib */ = {isa = PBXFileReference; lastKnownFileType = file.xib; path = PostTableViewCell.xib; sourceTree = "<group>"; };
		E1D678D829CF14E0006C892A /* UIColor+Extension.swift */ = {isa = PBXFileReference; lastKnownFileType = sourcecode.swift; path = "UIColor+Extension.swift"; sourceTree = "<group>"; };
		E1D678DC29CF2127006C892A /* LocalUser.swift */ = {isa = PBXFileReference; lastKnownFileType = sourcecode.swift; path = LocalUser.swift; sourceTree = "<group>"; };
		E1D678DE29CF2194006C892A /* PostModel.swift */ = {isa = PBXFileReference; lastKnownFileType = sourcecode.swift; path = PostModel.swift; sourceTree = "<group>"; };
		E1D678E029CF28B3006C892A /* UserManager.swift */ = {isa = PBXFileReference; lastKnownFileType = sourcecode.swift; path = UserManager.swift; sourceTree = "<group>"; };
		E1D678E429CF2C67006C892A /* UserListViewController.swift */ = {isa = PBXFileReference; lastKnownFileType = sourcecode.swift; path = UserListViewController.swift; sourceTree = "<group>"; };
		E1D678E729CF2E1E006C892A /* UserTableViewCell.swift */ = {isa = PBXFileReference; lastKnownFileType = sourcecode.swift; path = UserTableViewCell.swift; sourceTree = "<group>"; };
		E1D678E829CF2E1E006C892A /* UserTableViewCell.xib */ = {isa = PBXFileReference; lastKnownFileType = file.xib; path = UserTableViewCell.xib; sourceTree = "<group>"; };
		E1D678ED29CF39E0006C892A /* CreatePostViewController.swift */ = {isa = PBXFileReference; lastKnownFileType = sourcecode.swift; path = CreatePostViewController.swift; sourceTree = "<group>"; };
		E1D678EE29CF39E0006C892A /* CreatePostViewController.xib */ = {isa = PBXFileReference; lastKnownFileType = file.xib; path = CreatePostViewController.xib; sourceTree = "<group>"; };
		E1D678F129CF3B83006C892A /* UIApplication+Extension.swift */ = {isa = PBXFileReference; lastKnownFileType = sourcecode.swift; path = "UIApplication+Extension.swift"; sourceTree = "<group>"; };
		E1D678F329CF52E3006C892A /* CoreDataManager.swift */ = {isa = PBXFileReference; lastKnownFileType = sourcecode.swift; path = CoreDataManager.swift; sourceTree = "<group>"; };
		E1D678F529CF5B8C006C892A /* CoreDataError.swift */ = {isa = PBXFileReference; lastKnownFileType = sourcecode.swift; path = CoreDataError.swift; sourceTree = "<group>"; };
		E1D678F729CF5E46006C892A /* Encodable+Extension.swift */ = {isa = PBXFileReference; lastKnownFileType = sourcecode.swift; path = "Encodable+Extension.swift"; sourceTree = "<group>"; };
		E1D678F929CF6631006C892A /* PostPresenter.swift */ = {isa = PBXFileReference; lastKnownFileType = sourcecode.swift; path = PostPresenter.swift; sourceTree = "<group>"; };
		E1D678FB29CF680A006C892A /* PostRouter.swift */ = {isa = PBXFileReference; lastKnownFileType = sourcecode.swift; path = PostRouter.swift; sourceTree = "<group>"; };
		E1D678FE29CF69A6006C892A /* PostProtocol.swift */ = {isa = PBXFileReference; lastKnownFileType = sourcecode.swift; path = PostProtocol.swift; sourceTree = "<group>"; };
		E1D6790029CF69FB006C892A /* PostInteractor.swift */ = {isa = PBXFileReference; lastKnownFileType = sourcecode.swift; path = PostInteractor.swift; sourceTree = "<group>"; };
		E1D6790229CF6CB7006C892A /* CoreDataHelper.swift */ = {isa = PBXFileReference; lastKnownFileType = sourcecode.swift; path = CoreDataHelper.swift; sourceTree = "<group>"; };
		E1D6790629CF72ED006C892A /* CreatePostProtocol.swift */ = {isa = PBXFileReference; lastKnownFileType = sourcecode.swift; path = CreatePostProtocol.swift; sourceTree = "<group>"; };
		E1D6790929CF742A006C892A /* CreatePostInteractor.swift */ = {isa = PBXFileReference; lastKnownFileType = sourcecode.swift; path = CreatePostInteractor.swift; sourceTree = "<group>"; };
		E1D6790C29CF7762006C892A /* CreatePostPresenter.swift */ = {isa = PBXFileReference; lastKnownFileType = sourcecode.swift; path = CreatePostPresenter.swift; sourceTree = "<group>"; };
		E1D6790F29CF78B0006C892A /* CreatePostRouter.swift */ = {isa = PBXFileReference; lastKnownFileType = sourcecode.swift; path = CreatePostRouter.swift; sourceTree = "<group>"; };
		E1D6791229CF82B0006C892A /* NewPostNotificationHelper.swift */ = {isa = PBXFileReference; lastKnownFileType = sourcecode.swift; path = NewPostNotificationHelper.swift; sourceTree = "<group>"; };
/* End PBXFileReference section */

/* Begin PBXFrameworksBuildPhase section */
		E1D6788529CEE104006C892A /* Frameworks */ = {
			isa = PBXFrameworksBuildPhase;
			buildActionMask = 2147483647;
			files = (
			);
			runOnlyForDeploymentPostprocessing = 0;
		};
		E1D6789E29CEE106006C892A /* Frameworks */ = {
			isa = PBXFrameworksBuildPhase;
			buildActionMask = 2147483647;
			files = (
			);
			runOnlyForDeploymentPostprocessing = 0;
		};
/* End PBXFrameworksBuildPhase section */

/* Begin PBXGroup section */
		E1D6787F29CEE104006C892A = {
			isa = PBXGroup;
			children = (
				E1D6788A29CEE104006C892A /* SocialNetworkPlatform */,
				E1D678A429CEE106006C892A /* SocialNetworkPlatformTests */,
				E1D6788929CEE104006C892A /* Products */,
			);
			sourceTree = "<group>";
		};
		E1D6788929CEE104006C892A /* Products */ = {
			isa = PBXGroup;
			children = (
				E1D6788829CEE104006C892A /* SocialNetworkPlatform.app */,
				E1D678A129CEE106006C892A /* SocialNetworkPlatformTests.xctest */,
			);
			name = Products;
			sourceTree = "<group>";
		};
		E1D6788A29CEE104006C892A /* SocialNetworkPlatform */ = {
			isa = PBXGroup;
			children = (
				E1D6791129CF82A3006C892A /* Helpers */,
				E1D6790429CF72B4006C892A /* Scene */,
				E1D678DA29CF210A006C892A /* UserManager */,
				E1D678C329CEE73E006C892A /* Extensions */,
				E1D678C029CEE2E8006C892A /* CoreData */,
				E1D678BF29CEE251006C892A /* MainTab */,
				E1D678BE29CEE204006C892A /* Resources */,
				E1D6788B29CEE104006C892A /* AppDelegate.swift */,
				E1D6788D29CEE104006C892A /* SceneDelegate.swift */,
				E1D6789C29CEE105006C892A /* Info.plist */,
			);
			path = SocialNetworkPlatform;
			sourceTree = "<group>";
		};
		E1D678A429CEE106006C892A /* SocialNetworkPlatformTests */ = {
			isa = PBXGroup;
			children = (
				E1D678A529CEE106006C892A /* SocialNetworkPlatformTests.swift */,
			);
			path = SocialNetworkPlatformTests;
			sourceTree = "<group>";
		};
		E1D678BE29CEE204006C892A /* Resources */ = {
			isa = PBXGroup;
			children = (
				E1D6789729CEE105006C892A /* Assets.xcassets */,
				E1D6789929CEE105006C892A /* LaunchScreen.storyboard */,
			);
			path = Resources;
			sourceTree = "<group>";
		};
		E1D678BF29CEE251006C892A /* MainTab */ = {
			isa = PBXGroup;
			children = (
				E1D6788F29CEE104006C892A /* MainTabViewController.swift */,
				E1D678C129CEE45D006C892A /* MainTabPageViewController.swift */,
				E1D678C829CEEAA3006C892A /* MainTabHeaderView.swift */,
			);
			path = MainTab;
			sourceTree = "<group>";
		};
		E1D678C029CEE2E8006C892A /* CoreData */ = {
			isa = PBXGroup;
			children = (
				E1D6789429CEE104006C892A /* SocialNetworkPlatform.xcdatamodeld */,
				E1D678F329CF52E3006C892A /* CoreDataManager.swift */,
				E1D678F529CF5B8C006C892A /* CoreDataError.swift */,
				E1D6790229CF6CB7006C892A /* CoreDataHelper.swift */,
			);
			path = CoreData;
			sourceTree = "<group>";
		};
		E1D678C329CEE73E006C892A /* Extensions */ = {
			isa = PBXGroup;
			children = (
				E1D678C429CEE74E006C892A /* Array+Extension.swift */,
				E1D678C629CEE9D8006C892A /* UIView+Extension.swift */,
				E1D678D829CF14E0006C892A /* UIColor+Extension.swift */,
				E1D678F129CF3B83006C892A /* UIApplication+Extension.swift */,
				E1D678F729CF5E46006C892A /* Encodable+Extension.swift */,
			);
			path = Extensions;
			sourceTree = "<group>";
		};
		E1D678CA29CF04CA006C892A /* Post */ = {
			isa = PBXGroup;
			children = (
				E1D678FD29CF699B006C892A /* Protocol */,
				E1D678CF29CF0523006C892A /* Router */,
				E1D678CE29CF051C006C892A /* Entity */,
				E1D678CD29CF0514006C892A /* Presenter */,
				E1D678CC29CF04DD006C892A /* Interactor */,
				E1D678CB29CF04D9006C892A /* View */,
			);
			path = Post;
			sourceTree = "<group>";
		};
		E1D678CB29CF04D9006C892A /* View */ = {
			isa = PBXGroup;
			children = (
				E1D678D329CF1213006C892A /* PostCell */,
				E1D678D129CF055A006C892A /* PostListViewController.swift */,
			);
			path = View;
			sourceTree = "<group>";
		};
		E1D678CC29CF04DD006C892A /* Interactor */ = {
			isa = PBXGroup;
			children = (
				E1D6790029CF69FB006C892A /* PostInteractor.swift */,
			);
			path = Interactor;
			sourceTree = "<group>";
		};
		E1D678CD29CF0514006C892A /* Presenter */ = {
			isa = PBXGroup;
			children = (
				E1D678F929CF6631006C892A /* PostPresenter.swift */,
			);
			path = Presenter;
			sourceTree = "<group>";
		};
		E1D678CE29CF051C006C892A /* Entity */ = {
			isa = PBXGroup;
			children = (
				E1D678DE29CF2194006C892A /* PostModel.swift */,
			);
			path = Entity;
			sourceTree = "<group>";
		};
		E1D678CF29CF0523006C892A /* Router */ = {
			isa = PBXGroup;
			children = (
				E1D678FB29CF680A006C892A /* PostRouter.swift */,
			);
			path = Router;
			sourceTree = "<group>";
		};
		E1D678D329CF1213006C892A /* PostCell */ = {
			isa = PBXGroup;
			children = (
				E1D678D429CF1245006C892A /* PostTableViewCell.swift */,
				E1D678D529CF1245006C892A /* PostTableViewCell.xib */,
			);
			path = PostCell;
			sourceTree = "<group>";
		};
		E1D678DA29CF210A006C892A /* UserManager */ = {
			isa = PBXGroup;
			children = (
				E1D678DB29CF2113006C892A /* Entity */,
				E1D678E029CF28B3006C892A /* UserManager.swift */,
			);
			path = UserManager;
			sourceTree = "<group>";
		};
		E1D678DB29CF2113006C892A /* Entity */ = {
			isa = PBXGroup;
			children = (
				E1D678DC29CF2127006C892A /* LocalUser.swift */,
			);
			path = Entity;
			sourceTree = "<group>";
		};
		E1D678E229CF2BF3006C892A /* User */ = {
			isa = PBXGroup;
			children = (
				E1D678E329CF2C0C006C892A /* View */,
			);
			path = User;
			sourceTree = "<group>";
		};
		E1D678E329CF2C0C006C892A /* View */ = {
			isa = PBXGroup;
			children = (
				E1D678E629CF2E08006C892A /* UserCell */,
				E1D678E429CF2C67006C892A /* UserListViewController.swift */,
			);
			path = View;
			sourceTree = "<group>";
		};
		E1D678E629CF2E08006C892A /* UserCell */ = {
			isa = PBXGroup;
			children = (
				E1D678E729CF2E1E006C892A /* UserTableViewCell.swift */,
				E1D678E829CF2E1E006C892A /* UserTableViewCell.xib */,
			);
			path = UserCell;
			sourceTree = "<group>";
		};
		E1D678EB29CF39B5006C892A /* CreatePost */ = {
			isa = PBXGroup;
			children = (
				E1D6790E29CF78A5006C892A /* Router */,
				E1D6790B29CF774C006C892A /* Presenter */,
				E1D6790829CF741B006C892A /* Interactor */,
				E1D6790529CF72E0006C892A /* Protocol */,
				E1D678EC29CF39C8006C892A /* View */,
			);
			path = CreatePost;
			sourceTree = "<group>";
		};
		E1D678EC29CF39C8006C892A /* View */ = {
			isa = PBXGroup;
			children = (
				E1D678ED29CF39E0006C892A /* CreatePostViewController.swift */,
				E1D678EE29CF39E0006C892A /* CreatePostViewController.xib */,
			);
			path = View;
			sourceTree = "<group>";
		};
		E1D678FD29CF699B006C892A /* Protocol */ = {
			isa = PBXGroup;
			children = (
				E1D678FE29CF69A6006C892A /* PostProtocol.swift */,
			);
			path = Protocol;
			sourceTree = "<group>";
		};
		E1D6790429CF72B4006C892A /* Scene */ = {
			isa = PBXGroup;
			children = (
				E1D678E229CF2BF3006C892A /* User */,
				E1D678CA29CF04CA006C892A /* Post */,
				E1D678EB29CF39B5006C892A /* CreatePost */,
			);
			path = Scene;
			sourceTree = "<group>";
		};
		E1D6790529CF72E0006C892A /* Protocol */ = {
			isa = PBXGroup;
			children = (
				E1D6790629CF72ED006C892A /* CreatePostProtocol.swift */,
			);
			path = Protocol;
			sourceTree = "<group>";
		};
		E1D6790829CF741B006C892A /* Interactor */ = {
			isa = PBXGroup;
			children = (
				E1D6790929CF742A006C892A /* CreatePostInteractor.swift */,
			);
			path = Interactor;
			sourceTree = "<group>";
		};
		E1D6790B29CF774C006C892A /* Presenter */ = {
			isa = PBXGroup;
			children = (
				E1D6790C29CF7762006C892A /* CreatePostPresenter.swift */,
			);
			path = Presenter;
			sourceTree = "<group>";
		};
		E1D6790E29CF78A5006C892A /* Router */ = {
			isa = PBXGroup;
			children = (
				E1D6790F29CF78B0006C892A /* CreatePostRouter.swift */,
			);
			path = Router;
			sourceTree = "<group>";
		};
		E1D6791129CF82A3006C892A /* Helpers */ = {
			isa = PBXGroup;
			children = (
				E1D6791229CF82B0006C892A /* NewPostNotificationHelper.swift */,
			);
			path = Helpers;
			sourceTree = "<group>";
		};
/* End PBXGroup section */

/* Begin PBXNativeTarget section */
		E1D6788729CEE104006C892A /* SocialNetworkPlatform */ = {
			isa = PBXNativeTarget;
			buildConfigurationList = E1D678B529CEE106006C892A /* Build configuration list for PBXNativeTarget "SocialNetworkPlatform" */;
			buildPhases = (
				E1D6788429CEE104006C892A /* Sources */,
				E1D6788529CEE104006C892A /* Frameworks */,
				E1D6788629CEE104006C892A /* Resources */,
			);
			buildRules = (
			);
			dependencies = (
			);
			name = SocialNetworkPlatform;
			productName = SocialNetworkPlatform;
			productReference = E1D6788829CEE104006C892A /* SocialNetworkPlatform.app */;
			productType = "com.apple.product-type.application";
		};
		E1D678A029CEE106006C892A /* SocialNetworkPlatformTests */ = {
			isa = PBXNativeTarget;
			buildConfigurationList = E1D678B829CEE106006C892A /* Build configuration list for PBXNativeTarget "SocialNetworkPlatformTests" */;
			buildPhases = (
				E1D6789D29CEE106006C892A /* Sources */,
				E1D6789E29CEE106006C892A /* Frameworks */,
				E1D6789F29CEE106006C892A /* Resources */,
			);
			buildRules = (
			);
			dependencies = (
				E1D678A329CEE106006C892A /* PBXTargetDependency */,
			);
			name = SocialNetworkPlatformTests;
			productName = SocialNetworkPlatformTests;
			productReference = E1D678A129CEE106006C892A /* SocialNetworkPlatformTests.xctest */;
			productType = "com.apple.product-type.bundle.unit-test";
		};
/* End PBXNativeTarget section */

/* Begin PBXProject section */
		E1D6788029CEE104006C892A /* Project object */ = {
			isa = PBXProject;
			attributes = {
				BuildIndependentTargetsInParallel = 1;
				LastSwiftUpdateCheck = 1420;
				LastUpgradeCheck = 1420;
				TargetAttributes = {
					E1D6788729CEE104006C892A = {
						CreatedOnToolsVersion = 14.2;
					};
					E1D678A029CEE106006C892A = {
						CreatedOnToolsVersion = 14.2;
						TestTargetID = E1D6788729CEE104006C892A;
					};
				};
			};
			buildConfigurationList = E1D6788329CEE104006C892A /* Build configuration list for PBXProject "SocialNetworkPlatform" */;
			compatibilityVersion = "Xcode 14.0";
			developmentRegion = en;
			hasScannedForEncodings = 0;
			knownRegions = (
				en,
				Base,
			);
			mainGroup = E1D6787F29CEE104006C892A;
			productRefGroup = E1D6788929CEE104006C892A /* Products */;
			projectDirPath = "";
			projectRoot = "";
			targets = (
				E1D6788729CEE104006C892A /* SocialNetworkPlatform */,
				E1D678A029CEE106006C892A /* SocialNetworkPlatformTests */,
			);
		};
/* End PBXProject section */

/* Begin PBXResourcesBuildPhase section */
		E1D6788629CEE104006C892A /* Resources */ = {
			isa = PBXResourcesBuildPhase;
			buildActionMask = 2147483647;
			files = (
				E1D678D729CF1245006C892A /* PostTableViewCell.xib in Resources */,
				E1D678F029CF39E0006C892A /* CreatePostViewController.xib in Resources */,
				E1D678EA29CF2E1E006C892A /* UserTableViewCell.xib in Resources */,
				E1D6789B29CEE105006C892A /* LaunchScreen.storyboard in Resources */,
				E1D6789829CEE105006C892A /* Assets.xcassets in Resources */,
			);
			runOnlyForDeploymentPostprocessing = 0;
		};
		E1D6789F29CEE106006C892A /* Resources */ = {
			isa = PBXResourcesBuildPhase;
			buildActionMask = 2147483647;
			files = (
			);
			runOnlyForDeploymentPostprocessing = 0;
		};
/* End PBXResourcesBuildPhase section */

/* Begin PBXSourcesBuildPhase section */
		E1D6788429CEE104006C892A /* Sources */ = {
			isa = PBXSourcesBuildPhase;
			buildActionMask = 2147483647;
			files = (
				E1D6789629CEE104006C892A /* SocialNetworkPlatform.xcdatamodeld in Sources */,
				E1D678C729CEE9D8006C892A /* UIView+Extension.swift in Sources */,
				E1D678E129CF28B3006C892A /* UserManager.swift in Sources */,
				E1D678F429CF52E3006C892A /* CoreDataManager.swift in Sources */,
				E1D6791029CF78B0006C892A /* CreatePostRouter.swift in Sources */,
				E1D678C929CEEAA3006C892A /* MainTabHeaderView.swift in Sources */,
				E1D678F229CF3B83006C892A /* UIApplication+Extension.swift in Sources */,
				E1D6790A29CF742A006C892A /* CreatePostInteractor.swift in Sources */,
				E1D678D929CF14E0006C892A /* UIColor+Extension.swift in Sources */,
				E1D678F629CF5B8C006C892A /* CoreDataError.swift in Sources */,
				E1D678DF29CF2194006C892A /* PostModel.swift in Sources */,
				E1D678EF29CF39E0006C892A /* CreatePostViewController.swift in Sources */,
				E1D6791329CF82B0006C892A /* NewPostNotificationHelper.swift in Sources */,
				E1D678DD29CF2127006C892A /* LocalUser.swift in Sources */,
				E1D6789029CEE104006C892A /* MainTabViewController.swift in Sources */,
				E1D6788C29CEE104006C892A /* AppDelegate.swift in Sources */,
				E1D6790D29CF7762006C892A /* CreatePostPresenter.swift in Sources */,
				E1D678FF29CF69A6006C892A /* PostProtocol.swift in Sources */,
				E1D6790129CF69FB006C892A /* PostInteractor.swift in Sources */,
				E1D6790729CF72ED006C892A /* CreatePostProtocol.swift in Sources */,
				E1D678E929CF2E1E006C892A /* UserTableViewCell.swift in Sources */,
				E1D678C529CEE74E006C892A /* Array+Extension.swift in Sources */,
				E1D678FC29CF680A006C892A /* PostRouter.swift in Sources */,
				E1D6790329CF6CB7006C892A /* CoreDataHelper.swift in Sources */,
				E1D6788E29CEE104006C892A /* SceneDelegate.swift in Sources */,
				E1D678FA29CF6631006C892A /* PostPresenter.swift in Sources */,
				E1D678D629CF1245006C892A /* PostTableViewCell.swift in Sources */,
				E1D678F829CF5E46006C892A /* Encodable+Extension.swift in Sources */,
				E1D678E529CF2C67006C892A /* UserListViewController.swift in Sources */,
				E1D678D229CF055A006C892A /* PostListViewController.swift in Sources */,
				E1D678C229CEE45D006C892A /* MainTabPageViewController.swift in Sources */,
			);
			runOnlyForDeploymentPostprocessing = 0;
		};
		E1D6789D29CEE106006C892A /* Sources */ = {
			isa = PBXSourcesBuildPhase;
			buildActionMask = 2147483647;
			files = (
				E1D678A629CEE106006C892A /* SocialNetworkPlatformTests.swift in Sources */,
			);
			runOnlyForDeploymentPostprocessing = 0;
		};
/* End PBXSourcesBuildPhase section */

/* Begin PBXTargetDependency section */
		E1D678A329CEE106006C892A /* PBXTargetDependency */ = {
			isa = PBXTargetDependency;
			target = E1D6788729CEE104006C892A /* SocialNetworkPlatform */;
			targetProxy = E1D678A229CEE106006C892A /* PBXContainerItemProxy */;
		};
/* End PBXTargetDependency section */

/* Begin PBXVariantGroup section */
		E1D6789929CEE105006C892A /* LaunchScreen.storyboard */ = {
			isa = PBXVariantGroup;
			children = (
				E1D6789A29CEE105006C892A /* Base */,
			);
			name = LaunchScreen.storyboard;
			sourceTree = "<group>";
		};
/* End PBXVariantGroup section */

/* Begin XCBuildConfiguration section */
		E1D678B329CEE106006C892A /* Debug */ = {
			isa = XCBuildConfiguration;
			buildSettings = {
				ALWAYS_SEARCH_USER_PATHS = NO;
				CLANG_ANALYZER_NONNULL = YES;
				CLANG_ANALYZER_NUMBER_OBJECT_CONVERSION = YES_AGGRESSIVE;
				CLANG_CXX_LANGUAGE_STANDARD = "gnu++20";
				CLANG_ENABLE_MODULES = YES;
				CLANG_ENABLE_OBJC_ARC = YES;
				CLANG_ENABLE_OBJC_WEAK = YES;
				CLANG_WARN_BLOCK_CAPTURE_AUTORELEASING = YES;
				CLANG_WARN_BOOL_CONVERSION = YES;
				CLANG_WARN_COMMA = YES;
				CLANG_WARN_CONSTANT_CONVERSION = YES;
				CLANG_WARN_DEPRECATED_OBJC_IMPLEMENTATIONS = YES;
				CLANG_WARN_DIRECT_OBJC_ISA_USAGE = YES_ERROR;
				CLANG_WARN_DOCUMENTATION_COMMENTS = YES;
				CLANG_WARN_EMPTY_BODY = YES;
				CLANG_WARN_ENUM_CONVERSION = YES;
				CLANG_WARN_INFINITE_RECURSION = YES;
				CLANG_WARN_INT_CONVERSION = YES;
				CLANG_WARN_NON_LITERAL_NULL_CONVERSION = YES;
				CLANG_WARN_OBJC_IMPLICIT_RETAIN_SELF = YES;
				CLANG_WARN_OBJC_LITERAL_CONVERSION = YES;
				CLANG_WARN_OBJC_ROOT_CLASS = YES_ERROR;
				CLANG_WARN_QUOTED_INCLUDE_IN_FRAMEWORK_HEADER = YES;
				CLANG_WARN_RANGE_LOOP_ANALYSIS = YES;
				CLANG_WARN_STRICT_PROTOTYPES = YES;
				CLANG_WARN_SUSPICIOUS_MOVE = YES;
				CLANG_WARN_UNGUARDED_AVAILABILITY = YES_AGGRESSIVE;
				CLANG_WARN_UNREACHABLE_CODE = YES;
				CLANG_WARN__DUPLICATE_METHOD_MATCH = YES;
				COPY_PHASE_STRIP = NO;
				DEBUG_INFORMATION_FORMAT = dwarf;
				ENABLE_STRICT_OBJC_MSGSEND = YES;
				ENABLE_TESTABILITY = YES;
				GCC_C_LANGUAGE_STANDARD = gnu11;
				GCC_DYNAMIC_NO_PIC = NO;
				GCC_NO_COMMON_BLOCKS = YES;
				GCC_OPTIMIZATION_LEVEL = 0;
				GCC_PREPROCESSOR_DEFINITIONS = (
					"DEBUG=1",
					"$(inherited)",
				);
				GCC_WARN_64_TO_32_BIT_CONVERSION = YES;
				GCC_WARN_ABOUT_RETURN_TYPE = YES_ERROR;
				GCC_WARN_UNDECLARED_SELECTOR = YES;
				GCC_WARN_UNINITIALIZED_AUTOS = YES_AGGRESSIVE;
				GCC_WARN_UNUSED_FUNCTION = YES;
				GCC_WARN_UNUSED_VARIABLE = YES;
				IPHONEOS_DEPLOYMENT_TARGET = 16.2;
				MTL_ENABLE_DEBUG_INFO = INCLUDE_SOURCE;
				MTL_FAST_MATH = YES;
				ONLY_ACTIVE_ARCH = YES;
				SDKROOT = iphoneos;
				SWIFT_ACTIVE_COMPILATION_CONDITIONS = DEBUG;
				SWIFT_OPTIMIZATION_LEVEL = "-Onone";
			};
			name = Debug;
		};
		E1D678B429CEE106006C892A /* Release */ = {
			isa = XCBuildConfiguration;
			buildSettings = {
				ALWAYS_SEARCH_USER_PATHS = NO;
				CLANG_ANALYZER_NONNULL = YES;
				CLANG_ANALYZER_NUMBER_OBJECT_CONVERSION = YES_AGGRESSIVE;
				CLANG_CXX_LANGUAGE_STANDARD = "gnu++20";
				CLANG_ENABLE_MODULES = YES;
				CLANG_ENABLE_OBJC_ARC = YES;
				CLANG_ENABLE_OBJC_WEAK = YES;
				CLANG_WARN_BLOCK_CAPTURE_AUTORELEASING = YES;
				CLANG_WARN_BOOL_CONVERSION = YES;
				CLANG_WARN_COMMA = YES;
				CLANG_WARN_CONSTANT_CONVERSION = YES;
				CLANG_WARN_DEPRECATED_OBJC_IMPLEMENTATIONS = YES;
				CLANG_WARN_DIRECT_OBJC_ISA_USAGE = YES_ERROR;
				CLANG_WARN_DOCUMENTATION_COMMENTS = YES;
				CLANG_WARN_EMPTY_BODY = YES;
				CLANG_WARN_ENUM_CONVERSION = YES;
				CLANG_WARN_INFINITE_RECURSION = YES;
				CLANG_WARN_INT_CONVERSION = YES;
				CLANG_WARN_NON_LITERAL_NULL_CONVERSION = YES;
				CLANG_WARN_OBJC_IMPLICIT_RETAIN_SELF = YES;
				CLANG_WARN_OBJC_LITERAL_CONVERSION = YES;
				CLANG_WARN_OBJC_ROOT_CLASS = YES_ERROR;
				CLANG_WARN_QUOTED_INCLUDE_IN_FRAMEWORK_HEADER = YES;
				CLANG_WARN_RANGE_LOOP_ANALYSIS = YES;
				CLANG_WARN_STRICT_PROTOTYPES = YES;
				CLANG_WARN_SUSPICIOUS_MOVE = YES;
				CLANG_WARN_UNGUARDED_AVAILABILITY = YES_AGGRESSIVE;
				CLANG_WARN_UNREACHABLE_CODE = YES;
				CLANG_WARN__DUPLICATE_METHOD_MATCH = YES;
				COPY_PHASE_STRIP = NO;
				DEBUG_INFORMATION_FORMAT = "dwarf-with-dsym";
				ENABLE_NS_ASSERTIONS = NO;
				ENABLE_STRICT_OBJC_MSGSEND = YES;
				GCC_C_LANGUAGE_STANDARD = gnu11;
				GCC_NO_COMMON_BLOCKS = YES;
				GCC_WARN_64_TO_32_BIT_CONVERSION = YES;
				GCC_WARN_ABOUT_RETURN_TYPE = YES_ERROR;
				GCC_WARN_UNDECLARED_SELECTOR = YES;
				GCC_WARN_UNINITIALIZED_AUTOS = YES_AGGRESSIVE;
				GCC_WARN_UNUSED_FUNCTION = YES;
				GCC_WARN_UNUSED_VARIABLE = YES;
				IPHONEOS_DEPLOYMENT_TARGET = 16.2;
				MTL_ENABLE_DEBUG_INFO = NO;
				MTL_FAST_MATH = YES;
				SDKROOT = iphoneos;
				SWIFT_COMPILATION_MODE = wholemodule;
				SWIFT_OPTIMIZATION_LEVEL = "-O";
				VALIDATE_PRODUCT = YES;
			};
			name = Release;
		};
		E1D678B629CEE106006C892A /* Debug */ = {
			isa = XCBuildConfiguration;
			buildSettings = {
				ASSETCATALOG_COMPILER_APPICON_NAME = AppIcon;
				ASSETCATALOG_COMPILER_GLOBAL_ACCENT_COLOR_NAME = AccentColor;
				CODE_SIGN_STYLE = Automatic;
				CURRENT_PROJECT_VERSION = 1;
				DEVELOPMENT_TEAM = GBBFD52US3;
				GENERATE_INFOPLIST_FILE = YES;
				INFOPLIST_FILE = SocialNetworkPlatform/Info.plist;
				INFOPLIST_KEY_UIApplicationSupportsIndirectInputEvents = YES;
				INFOPLIST_KEY_UILaunchStoryboardName = LaunchScreen;
				INFOPLIST_KEY_UIMainStoryboardFile = "";
				INFOPLIST_KEY_UISupportedInterfaceOrientations_iPad = "UIInterfaceOrientationPortrait UIInterfaceOrientationPortraitUpsideDown UIInterfaceOrientationLandscapeLeft UIInterfaceOrientationLandscapeRight";
				INFOPLIST_KEY_UISupportedInterfaceOrientations_iPhone = "UIInterfaceOrientationPortrait UIInterfaceOrientationLandscapeLeft UIInterfaceOrientationLandscapeRight";
				INFOPLIST_KEY_UIUserInterfaceStyle = Dark;
				IPHONEOS_DEPLOYMENT_TARGET = 16.0;
				LD_RUNPATH_SEARCH_PATHS = (
					"$(inherited)",
					"@executable_path/Frameworks",
				);
				MARKETING_VERSION = 1.0;
				PRODUCT_BUNDLE_IDENTIFIER = com.alvinmatthew.SocialNetworkPlatform;
				PRODUCT_NAME = "$(TARGET_NAME)";
				SWIFT_EMIT_LOC_STRINGS = YES;
				SWIFT_VERSION = 5.0;
				TARGETED_DEVICE_FAMILY = "1,2";
			};
			name = Debug;
		};
		E1D678B729CEE106006C892A /* Release */ = {
			isa = XCBuildConfiguration;
			buildSettings = {
				ASSETCATALOG_COMPILER_APPICON_NAME = AppIcon;
				ASSETCATALOG_COMPILER_GLOBAL_ACCENT_COLOR_NAME = AccentColor;
				CODE_SIGN_STYLE = Automatic;
				CURRENT_PROJECT_VERSION = 1;
				DEVELOPMENT_TEAM = GBBFD52US3;
				GENERATE_INFOPLIST_FILE = YES;
				INFOPLIST_FILE = SocialNetworkPlatform/Info.plist;
				INFOPLIST_KEY_UIApplicationSupportsIndirectInputEvents = YES;
				INFOPLIST_KEY_UILaunchStoryboardName = LaunchScreen;
				INFOPLIST_KEY_UIMainStoryboardFile = "";
				INFOPLIST_KEY_UISupportedInterfaceOrientations_iPad = "UIInterfaceOrientationPortrait UIInterfaceOrientationPortraitUpsideDown UIInterfaceOrientationLandscapeLeft UIInterfaceOrientationLandscapeRight";
				INFOPLIST_KEY_UISupportedInterfaceOrientations_iPhone = "UIInterfaceOrientationPortrait UIInterfaceOrientationLandscapeLeft UIInterfaceOrientationLandscapeRight";
				INFOPLIST_KEY_UIUserInterfaceStyle = Dark;
				IPHONEOS_DEPLOYMENT_TARGET = 16.0;
				LD_RUNPATH_SEARCH_PATHS = (
					"$(inherited)",
					"@executable_path/Frameworks",
				);
				MARKETING_VERSION = 1.0;
				PRODUCT_BUNDLE_IDENTIFIER = com.alvinmatthew.SocialNetworkPlatform;
				PRODUCT_NAME = "$(TARGET_NAME)";
				SWIFT_EMIT_LOC_STRINGS = YES;
				SWIFT_VERSION = 5.0;
				TARGETED_DEVICE_FAMILY = "1,2";
			};
			name = Release;
		};
		E1D678B929CEE106006C892A /* Debug */ = {
			isa = XCBuildConfiguration;
			buildSettings = {
				ALWAYS_EMBED_SWIFT_STANDARD_LIBRARIES = YES;
				BUNDLE_LOADER = "$(TEST_HOST)";
				CODE_SIGN_STYLE = Automatic;
				CURRENT_PROJECT_VERSION = 1;
				DEVELOPMENT_TEAM = GBBFD52US3;
				GENERATE_INFOPLIST_FILE = YES;
				IPHONEOS_DEPLOYMENT_TARGET = 16.2;
				MARKETING_VERSION = 1.0;
				PRODUCT_BUNDLE_IDENTIFIER = com.alvinmatthew.SocialNetworkPlatformTests;
				PRODUCT_NAME = "$(TARGET_NAME)";
				SWIFT_EMIT_LOC_STRINGS = NO;
				SWIFT_VERSION = 5.0;
				TARGETED_DEVICE_FAMILY = "1,2";
				TEST_HOST = "$(BUILT_PRODUCTS_DIR)/SocialNetworkPlatform.app/$(BUNDLE_EXECUTABLE_FOLDER_PATH)/SocialNetworkPlatform";
			};
			name = Debug;
		};
		E1D678BA29CEE106006C892A /* Release */ = {
			isa = XCBuildConfiguration;
			buildSettings = {
				ALWAYS_EMBED_SWIFT_STANDARD_LIBRARIES = YES;
				BUNDLE_LOADER = "$(TEST_HOST)";
				CODE_SIGN_STYLE = Automatic;
				CURRENT_PROJECT_VERSION = 1;
				DEVELOPMENT_TEAM = GBBFD52US3;
				GENERATE_INFOPLIST_FILE = YES;
				IPHONEOS_DEPLOYMENT_TARGET = 16.2;
				MARKETING_VERSION = 1.0;
				PRODUCT_BUNDLE_IDENTIFIER = com.alvinmatthew.SocialNetworkPlatformTests;
				PRODUCT_NAME = "$(TARGET_NAME)";
				SWIFT_EMIT_LOC_STRINGS = NO;
				SWIFT_VERSION = 5.0;
				TARGETED_DEVICE_FAMILY = "1,2";
				TEST_HOST = "$(BUILT_PRODUCTS_DIR)/SocialNetworkPlatform.app/$(BUNDLE_EXECUTABLE_FOLDER_PATH)/SocialNetworkPlatform";
			};
			name = Release;
		};
/* End XCBuildConfiguration section */

/* Begin XCConfigurationList section */
		E1D6788329CEE104006C892A /* Build configuration list for PBXProject "SocialNetworkPlatform" */ = {
			isa = XCConfigurationList;
			buildConfigurations = (
				E1D678B329CEE106006C892A /* Debug */,
				E1D678B429CEE106006C892A /* Release */,
			);
			defaultConfigurationIsVisible = 0;
			defaultConfigurationName = Release;
		};
		E1D678B529CEE106006C892A /* Build configuration list for PBXNativeTarget "SocialNetworkPlatform" */ = {
			isa = XCConfigurationList;
			buildConfigurations = (
				E1D678B629CEE106006C892A /* Debug */,
				E1D678B729CEE106006C892A /* Release */,
			);
			defaultConfigurationIsVisible = 0;
			defaultConfigurationName = Release;
		};
		E1D678B829CEE106006C892A /* Build configuration list for PBXNativeTarget "SocialNetworkPlatformTests" */ = {
			isa = XCConfigurationList;
			buildConfigurations = (
				E1D678B929CEE106006C892A /* Debug */,
				E1D678BA29CEE106006C892A /* Release */,
			);
			defaultConfigurationIsVisible = 0;
			defaultConfigurationName = Release;
		};
/* End XCConfigurationList section */

/* Begin XCVersionGroup section */
		E1D6789429CEE104006C892A /* SocialNetworkPlatform.xcdatamodeld */ = {
			isa = XCVersionGroup;
			children = (
				E1D6789529CEE104006C892A /* SocialNetworkPlatform.xcdatamodel */,
			);
			currentVersion = E1D6789529CEE104006C892A /* SocialNetworkPlatform.xcdatamodel */;
			path = SocialNetworkPlatform.xcdatamodeld;
			sourceTree = "<group>";
			versionGroupType = wrapper.xcdatamodel;
		};
/* End XCVersionGroup section */
	};
	rootObject = E1D6788029CEE104006C892A /* Project object */;
}
